{
  "version": 4,
  "terraform_version": "0.12.8",
  "serial": 335,
  "lineage": "81bb83e6-2509-737b-b873-81a665c6dc0a",
  "outputs": {},
  "resources": [
    {
      "mode": "managed",
      "type": "aws_api_gateway_deployment",
      "name": "ToDosDeployment",
      "provider": "provider.aws",
      "instances": [
        {
          "schema_version": 0,
          "attributes": {
            "created_date": "2020-01-29T08:26:49Z",
            "description": "",
            "execution_arn": "arn:aws:execute-api:us-east-2:891106093485:5wwx0i1qcd/test",
            "id": "urwxs7",
            "invoke_url": "https://5wwx0i1qcd.execute-api.us-east-2.amazonaws.com/test",
            "rest_api_id": "5wwx0i1qcd",
            "stage_description": null,
            "stage_name": "test",
            "variables": null
          },
          "private": "bnVsbA==",
          "depends_on": [
            "aws_api_gateway_integration.delete_integration",
            "aws_api_gateway_integration.integration",
            "aws_api_gateway_integration.options_integration",
            "aws_api_gateway_integration.post_integration",
            "aws_api_gateway_integration.put_integration",
            "aws_api_gateway_rest_api.ToDosAPI"
          ]
        }
      ]
    },
    {
      "mode": "managed",
      "type": "aws_api_gateway_integration",
      "name": "ID_options_integration",
      "provider": "provider.aws",
      "instances": [
        {
          "schema_version": 0,
          "attributes": {
            "cache_key_parameters": [],
            "cache_namespace": "szo9kk",
            "connection_id": "",
            "connection_type": "INTERNET",
            "content_handling": "",
            "credentials": "",
            "http_method": "OPTIONS",
            "id": "agi-5wwx0i1qcd-szo9kk-OPTIONS",
            "integration_http_method": "",
            "passthrough_behavior": "WHEN_NO_MATCH",
            "request_parameters": {},
            "request_parameters_in_json": null,
            "request_templates": {
              "application/json": "{ 'statusCode': 200 }"
            },
            "resource_id": "szo9kk",
            "rest_api_id": "5wwx0i1qcd",
            "timeout_milliseconds": 29000,
            "type": "MOCK",
            "uri": ""
          },
          "private": "bnVsbA==",
          "depends_on": [
            "aws_api_gateway_method.ID_options_method",
            "aws_api_gateway_resource.ID",
            "aws_api_gateway_rest_api.ToDosAPI"
          ]
        }
      ]
    },
    {
      "mode": "managed",
      "type": "aws_api_gateway_integration",
      "name": "delete_integration",
      "provider": "provider.aws",
      "instances": [
        {
          "schema_version": 0,
          "attributes": {
            "cache_key_parameters": [],
            "cache_namespace": "szo9kk",
            "connection_id": "",
            "connection_type": "INTERNET",
            "content_handling": "",
            "credentials": "",
            "http_method": "DELETE",
            "id": "agi-5wwx0i1qcd-szo9kk-DELETE",
            "integration_http_method": "POST",
            "passthrough_behavior": "WHEN_NO_MATCH",
            "request_parameters": {},
            "request_parameters_in_json": null,
            "request_templates": {},
            "resource_id": "szo9kk",
            "rest_api_id": "5wwx0i1qcd",
            "timeout_milliseconds": 29000,
            "type": "AWS_PROXY",
            "uri": "arn:aws:apigateway:us-east-2:lambda:path/2015-03-31/functions/arn:aws:lambda:us-east-2:891106093485:function:delete_lambda/invocations"
          },
          "private": "bnVsbA==",
          "depends_on": [
            "aws_api_gateway_method.delete_todo",
            "aws_api_gateway_resource.ID",
            "aws_api_gateway_rest_api.ToDosAPI",
            "aws_lambda_function.delete_lambda"
          ]
        }
      ]
    },
    {
      "mode": "managed",
      "type": "aws_api_gateway_integration",
      "name": "integration",
      "provider": "provider.aws",
      "instances": [
        {
          "schema_version": 0,
          "attributes": {
            "cache_key_parameters": [],
            "cache_namespace": "g682hqm1ma",
            "connection_id": "",
            "connection_type": "INTERNET",
            "content_handling": "",
            "credentials": "",
            "http_method": "GET",
            "id": "agi-5wwx0i1qcd-g682hqm1ma-GET",
            "integration_http_method": "POST",
            "passthrough_behavior": "WHEN_NO_MATCH",
            "request_parameters": {},
            "request_parameters_in_json": null,
            "request_templates": {},
            "resource_id": "g682hqm1ma",
            "rest_api_id": "5wwx0i1qcd",
            "timeout_milliseconds": 29000,
            "type": "AWS",
            "uri": "arn:aws:apigateway:us-east-2:lambda:path/2015-03-31/functions/arn:aws:lambda:us-east-2:891106093485:function:get_lambda/invocations"
          },
          "private": "bnVsbA==",
          "depends_on": [
            "aws_api_gateway_method.get_todo",
            "aws_api_gateway_rest_api.ToDosAPI",
            "aws_lambda_function.get_lambda"
          ]
        }
      ]
    },
    {
      "mode": "managed",
      "type": "aws_api_gateway_integration",
      "name": "options_integration",
      "provider": "provider.aws",
      "instances": [
        {
          "schema_version": 0,
          "attributes": {
            "cache_key_parameters": [],
            "cache_namespace": "g682hqm1ma",
            "connection_id": "",
            "connection_type": "INTERNET",
            "content_handling": "",
            "credentials": "",
            "http_method": "OPTIONS",
            "id": "agi-5wwx0i1qcd-g682hqm1ma-OPTIONS",
            "integration_http_method": "",
            "passthrough_behavior": "WHEN_NO_MATCH",
            "request_parameters": {},
            "request_parameters_in_json": null,
            "request_templates": {
              "application/json": "{ 'statusCode': 200 }"
            },
            "resource_id": "g682hqm1ma",
            "rest_api_id": "5wwx0i1qcd",
            "timeout_milliseconds": 29000,
            "type": "MOCK",
            "uri": ""
          },
          "private": "bnVsbA==",
          "depends_on": [
            "aws_api_gateway_method.options_method",
            "aws_api_gateway_rest_api.ToDosAPI"
          ]
        }
      ]
    },
    {
      "mode": "managed",
      "type": "aws_api_gateway_integration",
      "name": "post_integration",
      "provider": "provider.aws",
      "instances": [
        {
          "schema_version": 0,
          "attributes": {
            "cache_key_parameters": [],
            "cache_namespace": "g682hqm1ma",
            "connection_id": "",
            "connection_type": "INTERNET",
            "content_handling": "",
            "credentials": "",
            "http_method": "POST",
            "id": "agi-5wwx0i1qcd-g682hqm1ma-POST",
            "integration_http_method": "POST",
            "passthrough_behavior": "WHEN_NO_MATCH",
            "request_parameters": {},
            "request_parameters_in_json": null,
            "request_templates": {},
            "resource_id": "g682hqm1ma",
            "rest_api_id": "5wwx0i1qcd",
            "timeout_milliseconds": 29000,
            "type": "AWS",
            "uri": "arn:aws:apigateway:us-east-2:lambda:path/2015-03-31/functions/arn:aws:lambda:us-east-2:891106093485:function:post_lambda/invocations"
          },
          "private": "bnVsbA==",
          "depends_on": [
            "aws_api_gateway_method.post_todo",
            "aws_api_gateway_rest_api.ToDosAPI",
            "aws_lambda_function.post_lambda"
          ]
        }
      ]
    },
    {
      "mode": "managed",
      "type": "aws_api_gateway_integration",
      "name": "put_integration",
      "provider": "provider.aws",
      "instances": [
        {
          "schema_version": 0,
          "attributes": {
            "cache_key_parameters": [],
            "cache_namespace": "szo9kk",
            "connection_id": "",
            "connection_type": "INTERNET",
            "content_handling": "",
            "credentials": "",
            "http_method": "PUT",
            "id": "agi-5wwx0i1qcd-szo9kk-PUT",
            "integration_http_method": "POST",
            "passthrough_behavior": "WHEN_NO_MATCH",
            "request_parameters": {},
            "request_parameters_in_json": null,
            "request_templates": {},
            "resource_id": "szo9kk",
            "rest_api_id": "5wwx0i1qcd",
            "timeout_milliseconds": 29000,
            "type": "AWS_PROXY",
            "uri": "arn:aws:apigateway:us-east-2:lambda:path/2015-03-31/functions/arn:aws:lambda:us-east-2:891106093485:function:put_lambda/invocations"
          },
          "private": "bnVsbA==",
          "depends_on": [
            "aws_api_gateway_method.put_todo",
            "aws_api_gateway_resource.ID",
            "aws_api_gateway_rest_api.ToDosAPI",
            "aws_lambda_function.put_lambda"
          ]
        }
      ]
    },
    {
      "mode": "managed",
      "type": "aws_api_gateway_integration_response",
      "name": "ID_options_integration_response",
      "provider": "provider.aws",
      "instances": [
        {
          "schema_version": 0,
          "attributes": {
            "content_handling": "",
            "http_method": "OPTIONS",
            "id": "agir-5wwx0i1qcd-szo9kk-OPTIONS-200",
            "resource_id": "szo9kk",
            "response_parameters": {
              "method.response.header.Access-Control-Allow-Headers": "'Content-Type,X-Amz-Date,Authorization,X-Api-Key,X-Amz-Security-Token'",
              "method.response.header.Access-Control-Allow-Methods": "'OPTIONS,DELETE,PUT'",
              "method.response.header.Access-Control-Allow-Origin": "'*'"
            },
            "response_parameters_in_json": null,
            "response_templates": {},
            "rest_api_id": "5wwx0i1qcd",
            "selection_pattern": "",
            "status_code": "200"
          },
          "private": "bnVsbA==",
          "depends_on": [
            "aws_api_gateway_method.ID_options_method",
            "aws_api_gateway_method_response.ID_options_200",
            "aws_api_gateway_resource.ID",
            "aws_api_gateway_rest_api.ToDosAPI"
          ]
        }
      ]
    },
    {
      "mode": "managed",
      "type": "aws_api_gateway_integration_response",
      "name": "IntegrationResponse",
      "provider": "provider.aws",
      "instances": [
        {
          "schema_version": 0,
          "attributes": {
            "content_handling": "",
            "http_method": "GET",
            "id": "agir-5wwx0i1qcd-g682hqm1ma-GET-200",
            "resource_id": "g682hqm1ma",
            "response_parameters": {
              "method.response.header.Access-Control-Allow-Origin": "'*'"
            },
            "response_parameters_in_json": null,
            "response_templates": {},
            "rest_api_id": "5wwx0i1qcd",
            "selection_pattern": "",
            "status_code": "200"
          },
          "private": "bnVsbA==",
          "depends_on": [
            "aws_api_gateway_integration.integration",
            "aws_api_gateway_method.get_todo",
            "aws_api_gateway_method_response.get_response_200",
            "aws_api_gateway_rest_api.ToDosAPI"
          ]
        }
      ]
    },
    {
      "mode": "managed",
      "type": "aws_api_gateway_integration_response",
      "name": "deleteIntegrationResponse",
      "provider": "provider.aws",
      "instances": [
        {
          "schema_version": 0,
          "attributes": {
            "content_handling": "",
            "http_method": "DELETE",
            "id": "agir-5wwx0i1qcd-szo9kk-DELETE-200",
            "resource_id": "szo9kk",
            "response_parameters": {
              "method.response.header.Access-Control-Allow-Origin": "'*'"
            },
            "response_parameters_in_json": null,
            "response_templates": {},
            "rest_api_id": "5wwx0i1qcd",
            "selection_pattern": "",
            "status_code": "200"
          },
          "private": "bnVsbA==",
          "depends_on": [
            "aws_api_gateway_integration.delete_integration",
            "aws_api_gateway_method.delete_todo",
            "aws_api_gateway_method_response.delete_response_200",
            "aws_api_gateway_resource.ID",
            "aws_api_gateway_rest_api.ToDosAPI"
          ]
        }
      ]
    },
    {
      "mode": "managed",
      "type": "aws_api_gateway_integration_response",
      "name": "options_integration_response",
      "provider": "provider.aws",
      "instances": [
        {
          "schema_version": 0,
          "attributes": {
            "content_handling": "",
            "http_method": "OPTIONS",
            "id": "agir-5wwx0i1qcd-g682hqm1ma-OPTIONS-200",
            "resource_id": "g682hqm1ma",
            "response_parameters": {
              "method.response.header.Access-Control-Allow-Headers": "'Content-Type,X-Amz-Date,Authorization,X-Api-Key,X-Amz-Security-Token'",
              "method.response.header.Access-Control-Allow-Methods": "'GET,OPTIONS,POST,PUT'",
              "method.response.header.Access-Control-Allow-Origin": "'*'"
            },
            "response_parameters_in_json": null,
            "response_templates": {},
            "rest_api_id": "5wwx0i1qcd",
            "selection_pattern": "",
            "status_code": "200"
          },
          "private": "bnVsbA==",
          "depends_on": [
            "aws_api_gateway_method.options_method",
            "aws_api_gateway_method_response.options_200",
            "aws_api_gateway_rest_api.ToDosAPI"
          ]
        }
      ]
    },
    {
      "mode": "managed",
      "type": "aws_api_gateway_integration_response",
      "name": "postIntegrationResponse",
      "provider": "provider.aws",
      "instances": [
        {
          "schema_version": 0,
          "attributes": {
            "content_handling": "",
            "http_method": "POST",
            "id": "agir-5wwx0i1qcd-g682hqm1ma-POST-200",
            "resource_id": "g682hqm1ma",
            "response_parameters": {
              "method.response.header.Access-Control-Allow-Origin": "'*'"
            },
            "response_parameters_in_json": null,
            "response_templates": {},
            "rest_api_id": "5wwx0i1qcd",
            "selection_pattern": "",
            "status_code": "200"
          },
          "private": "bnVsbA==",
          "depends_on": [
            "aws_api_gateway_integration.post_integration",
            "aws_api_gateway_method.post_todo",
            "aws_api_gateway_method_response.post_response_200",
            "aws_api_gateway_rest_api.ToDosAPI"
          ]
        }
      ]
    },
    {
      "mode": "managed",
      "type": "aws_api_gateway_integration_response",
      "name": "putIntegrationResponse",
      "provider": "provider.aws",
      "instances": [
        {
          "schema_version": 0,
          "attributes": {
            "content_handling": "",
            "http_method": "PUT",
            "id": "agir-5wwx0i1qcd-szo9kk-PUT-200",
            "resource_id": "szo9kk",
            "response_parameters": {
              "method.response.header.Access-Control-Allow-Origin": "'*'"
            },
            "response_parameters_in_json": null,
            "response_templates": {},
            "rest_api_id": "5wwx0i1qcd",
            "selection_pattern": "",
            "status_code": "200"
          },
          "private": "bnVsbA==",
          "depends_on": [
            "aws_api_gateway_integration.put_integration",
            "aws_api_gateway_method.put_todo",
            "aws_api_gateway_method_response.put_response_200",
            "aws_api_gateway_resource.ID",
            "aws_api_gateway_rest_api.ToDosAPI"
          ]
        }
      ]
    },
    {
      "mode": "managed",
      "type": "aws_api_gateway_method",
      "name": "ID_options_method",
      "provider": "provider.aws",
      "instances": [
        {
          "schema_version": 0,
          "attributes": {
            "api_key_required": false,
            "authorization": "NONE",
            "authorization_scopes": [],
            "authorizer_id": "",
            "http_method": "OPTIONS",
            "id": "agm-5wwx0i1qcd-szo9kk-OPTIONS",
            "request_models": {},
            "request_parameters": {},
            "request_parameters_in_json": null,
            "request_validator_id": "",
            "resource_id": "szo9kk",
            "rest_api_id": "5wwx0i1qcd"
          },
          "private": "bnVsbA==",
          "depends_on": [
            "aws_api_gateway_resource.ID",
            "aws_api_gateway_rest_api.ToDosAPI"
          ]
        }
      ]
    },
    {
      "mode": "managed",
      "type": "aws_api_gateway_method",
      "name": "delete_todo",
      "provider": "provider.aws",
      "instances": [
        {
          "schema_version": 0,
          "attributes": {
            "api_key_required": false,
            "authorization": "NONE",
            "authorization_scopes": [],
            "authorizer_id": "",
            "http_method": "DELETE",
            "id": "agm-5wwx0i1qcd-szo9kk-DELETE",
            "request_models": {},
            "request_parameters": {},
            "request_parameters_in_json": null,
            "request_validator_id": "",
            "resource_id": "szo9kk",
            "rest_api_id": "5wwx0i1qcd"
          },
          "private": "bnVsbA==",
          "depends_on": [
            "aws_api_gateway_resource.ID",
            "aws_api_gateway_rest_api.ToDosAPI"
          ]
        }
      ]
    },
    {
      "mode": "managed",
      "type": "aws_api_gateway_method",
      "name": "get_todo",
      "provider": "provider.aws",
      "instances": [
        {
          "schema_version": 0,
          "attributes": {
            "api_key_required": false,
            "authorization": "NONE",
            "authorization_scopes": [],
            "authorizer_id": "",
            "http_method": "GET",
            "id": "agm-5wwx0i1qcd-g682hqm1ma-GET",
            "request_models": {},
            "request_parameters": {},
            "request_parameters_in_json": null,
            "request_validator_id": "",
            "resource_id": "g682hqm1ma",
            "rest_api_id": "5wwx0i1qcd"
          },
          "private": "bnVsbA==",
          "depends_on": [
            "aws_api_gateway_rest_api.ToDosAPI"
          ]
        }
      ]
    },
    {
      "mode": "managed",
      "type": "aws_api_gateway_method",
      "name": "options_method",
      "provider": "provider.aws",
      "instances": [
        {
          "schema_version": 0,
          "attributes": {
            "api_key_required": false,
            "authorization": "NONE",
            "authorization_scopes": [],
            "authorizer_id": "",
            "http_method": "OPTIONS",
            "id": "agm-5wwx0i1qcd-g682hqm1ma-OPTIONS",
            "request_models": {},
            "request_parameters": {},
            "request_parameters_in_json": null,
            "request_validator_id": "",
            "resource_id": "g682hqm1ma",
            "rest_api_id": "5wwx0i1qcd"
          },
          "private": "bnVsbA==",
          "depends_on": [
            "aws_api_gateway_rest_api.ToDosAPI"
          ]
        }
      ]
    },
    {
      "mode": "managed",
      "type": "aws_api_gateway_method",
      "name": "post_todo",
      "provider": "provider.aws",
      "instances": [
        {
          "schema_version": 0,
          "attributes": {
            "api_key_required": false,
            "authorization": "NONE",
            "authorization_scopes": [],
            "authorizer_id": "",
            "http_method": "POST",
            "id": "agm-5wwx0i1qcd-g682hqm1ma-POST",
            "request_models": {},
            "request_parameters": {},
            "request_parameters_in_json": null,
            "request_validator_id": "",
            "resource_id": "g682hqm1ma",
            "rest_api_id": "5wwx0i1qcd"
          },
          "private": "bnVsbA==",
          "depends_on": [
            "aws_api_gateway_rest_api.ToDosAPI"
          ]
        }
      ]
    },
    {
      "mode": "managed",
      "type": "aws_api_gateway_method",
      "name": "put_todo",
      "provider": "provider.aws",
      "instances": [
        {
          "schema_version": 0,
          "attributes": {
            "api_key_required": false,
            "authorization": "NONE",
            "authorization_scopes": [],
            "authorizer_id": "",
            "http_method": "PUT",
            "id": "agm-5wwx0i1qcd-szo9kk-PUT",
            "request_models": {},
            "request_parameters": {},
            "request_parameters_in_json": null,
            "request_validator_id": "",
            "resource_id": "szo9kk",
            "rest_api_id": "5wwx0i1qcd"
          },
          "private": "bnVsbA==",
          "depends_on": [
            "aws_api_gateway_resource.ID",
            "aws_api_gateway_rest_api.ToDosAPI"
          ]
        }
      ]
    },
    {
      "mode": "managed",
      "type": "aws_api_gateway_method_response",
      "name": "ID_options_200",
      "provider": "provider.aws",
      "instances": [
        {
          "schema_version": 0,
          "attributes": {
            "http_method": "OPTIONS",
            "id": "agmr-5wwx0i1qcd-szo9kk-OPTIONS-200",
            "resource_id": "szo9kk",
            "response_models": {
              "application/json": "Empty"
            },
            "response_parameters": {
              "method.response.header.Access-Control-Allow-Headers": true,
              "method.response.header.Access-Control-Allow-Methods": true,
              "method.response.header.Access-Control-Allow-Origin": true
            },
            "response_parameters_in_json": null,
            "rest_api_id": "5wwx0i1qcd",
            "status_code": "200"
          },
          "private": "bnVsbA==",
          "depends_on": [
            "aws_api_gateway_method.ID_options_method",
            "aws_api_gateway_resource.ID",
            "aws_api_gateway_rest_api.ToDosAPI"
          ]
        }
      ]
    },
    {
      "mode": "managed",
      "type": "aws_api_gateway_method_response",
      "name": "delete_response_200",
      "provider": "provider.aws",
      "instances": [
        {
          "schema_version": 0,
          "attributes": {
            "http_method": "DELETE",
            "id": "agmr-5wwx0i1qcd-szo9kk-DELETE-200",
            "resource_id": "szo9kk",
            "response_models": {
              "application/json": "Empty"
            },
            "response_parameters": {
              "method.response.header.Access-Control-Allow-Origin": true
            },
            "response_parameters_in_json": null,
            "rest_api_id": "5wwx0i1qcd",
            "status_code": "200"
          },
          "private": "bnVsbA==",
          "depends_on": [
            "aws_api_gateway_method.delete_todo",
            "aws_api_gateway_resource.ID",
            "aws_api_gateway_rest_api.ToDosAPI"
          ]
        }
      ]
    },
    {
      "mode": "managed",
      "type": "aws_api_gateway_method_response",
      "name": "get_response_200",
      "provider": "provider.aws",
      "instances": [
        {
          "schema_version": 0,
          "attributes": {
            "http_method": "GET",
            "id": "agmr-5wwx0i1qcd-g682hqm1ma-GET-200",
            "resource_id": "g682hqm1ma",
            "response_models": {
              "application/json": "Empty"
            },
            "response_parameters": {
              "method.response.header.Access-Control-Allow-Origin": true
            },
            "response_parameters_in_json": null,
            "rest_api_id": "5wwx0i1qcd",
            "status_code": "200"
          },
          "private": "bnVsbA==",
          "depends_on": [
            "aws_api_gateway_method.get_todo",
            "aws_api_gateway_rest_api.ToDosAPI"
          ]
        }
      ]
    },
    {
      "mode": "managed",
      "type": "aws_api_gateway_method_response",
      "name": "options_200",
      "provider": "provider.aws",
      "instances": [
        {
          "schema_version": 0,
          "attributes": {
            "http_method": "OPTIONS",
            "id": "agmr-5wwx0i1qcd-g682hqm1ma-OPTIONS-200",
            "resource_id": "g682hqm1ma",
            "response_models": {
              "application/json": "Empty"
            },
            "response_parameters": {
              "method.response.header.Access-Control-Allow-Headers": true,
              "method.response.header.Access-Control-Allow-Methods": true,
              "method.response.header.Access-Control-Allow-Origin": true
            },
            "response_parameters_in_json": null,
            "rest_api_id": "5wwx0i1qcd",
            "status_code": "200"
          },
          "private": "bnVsbA==",
          "depends_on": [
            "aws_api_gateway_method.options_method",
            "aws_api_gateway_rest_api.ToDosAPI"
          ]
        }
      ]
    },
    {
      "mode": "managed",
      "type": "aws_api_gateway_method_response",
      "name": "post_response_200",
      "provider": "provider.aws",
      "instances": [
        {
          "schema_version": 0,
          "attributes": {
            "http_method": "POST",
            "id": "agmr-5wwx0i1qcd-g682hqm1ma-POST-200",
            "resource_id": "g682hqm1ma",
            "response_models": {
              "application/json": "Empty"
            },
            "response_parameters": {
              "method.response.header.Access-Control-Allow-Origin": true
            },
            "response_parameters_in_json": null,
            "rest_api_id": "5wwx0i1qcd",
            "status_code": "200"
          },
          "private": "bnVsbA==",
          "depends_on": [
            "aws_api_gateway_method.post_todo",
            "aws_api_gateway_rest_api.ToDosAPI"
          ]
        }
      ]
    },
    {
      "mode": "managed",
      "type": "aws_api_gateway_method_response",
      "name": "put_response_200",
      "provider": "provider.aws",
      "instances": [
        {
          "schema_version": 0,
          "attributes": {
            "http_method": "PUT",
            "id": "agmr-5wwx0i1qcd-szo9kk-PUT-200",
            "resource_id": "szo9kk",
            "response_models": {
              "application/json": "Empty"
            },
            "response_parameters": {
              "method.response.header.Access-Control-Allow-Origin": true
            },
            "response_parameters_in_json": null,
            "rest_api_id": "5wwx0i1qcd",
            "status_code": "200"
          },
          "private": "bnVsbA==",
          "depends_on": [
            "aws_api_gateway_method.put_todo",
            "aws_api_gateway_resource.ID",
            "aws_api_gateway_rest_api.ToDosAPI"
          ]
        }
      ]
    },
    {
      "mode": "managed",
      "type": "aws_api_gateway_resource",
      "name": "ID",
      "provider": "provider.aws",
      "instances": [
        {
          "schema_version": 0,
          "attributes": {
            "id": "szo9kk",
            "parent_id": "g682hqm1ma",
            "path": "/{id}",
            "path_part": "{id}",
            "rest_api_id": "5wwx0i1qcd"
          },
          "private": "bnVsbA==",
          "depends_on": [
            "aws_api_gateway_rest_api.ToDosAPI"
          ]
        }
      ]
    },
    {
      "mode": "managed",
      "type": "aws_api_gateway_rest_api",
      "name": "ToDosAPI",
      "provider": "provider.aws",
      "instances": [
        {
          "schema_version": 0,
          "attributes": {
            "api_key_source": "HEADER",
            "arn": "arn:aws:apigateway:us-east-2::/restapis/5wwx0i1qcd",
            "binary_media_types": [],
            "body": null,
            "created_date": "2020-01-29T07:08:58Z",
            "description": "This manages ToDos table",
            "endpoint_configuration": [
              {
                "types": [
                  "REGIONAL"
                ],
                "vpc_endpoint_ids": []
              }
            ],
            "execution_arn": "arn:aws:execute-api:us-east-2:891106093485:5wwx0i1qcd",
            "id": "5wwx0i1qcd",
            "minimum_compression_size": -1,
            "name": "ToDosAPI",
            "policy": "",
            "root_resource_id": "g682hqm1ma",
            "tags": {}
          },
          "private": "bnVsbA=="
        }
      ]
    },
    {
      "mode": "managed",
      "type": "aws_dynamodb_table",
      "name": "basic-dynamodb-table",
      "provider": "provider.aws",
      "instances": [
        {
          "schema_version": 1,
          "attributes": {
            "arn": "arn:aws:dynamodb:us-east-2:891106093485:table/ToDos",
            "attribute": [
              {
                "name": "id",
                "type": "S"
              }
            ],
            "billing_mode": "PROVISIONED",
            "global_secondary_index": [],
            "hash_key": "id",
            "id": "ToDos",
            "local_secondary_index": [],
            "name": "ToDos",
            "point_in_time_recovery": [
              {
                "enabled": false
              }
            ],
            "range_key": null,
            "read_capacity": 20,
            "server_side_encryption": [],
            "stream_arn": "",
            "stream_enabled": false,
            "stream_label": "",
            "stream_view_type": "",
            "tags": {},
            "timeouts": null,
            "ttl": [
              {
                "attribute_name": "",
                "enabled": false
              }
            ],
            "write_capacity": 20
          },
          "private": "eyJlMmJmYjczMC1lY2FhLTExZTYtOGY4OC0zNDM2M2JjN2M0YzAiOnsiY3JlYXRlIjo2MDAwMDAwMDAwMDAsImRlbGV0ZSI6NjAwMDAwMDAwMDAwLCJ1cGRhdGUiOjM2MDAwMDAwMDAwMDB9LCJzY2hlbWFfdmVyc2lvbiI6IjEifQ=="
        }
      ]
    },
    {
      "mode": "managed",
      "type": "aws_iam_role",
      "name": "manage_todos",
      "provider": "provider.aws",
      "instances": [
        {
          "schema_version": 0,
          "attributes": {
            "arn": "arn:aws:iam::891106093485:role/manage_todos",
            "assume_role_policy": "{\"Version\":\"2012-10-17\",\"Statement\":[{\"Sid\":\"\",\"Effect\":\"Allow\",\"Principal\":{\"Service\":\"lambda.amazonaws.com\"},\"Action\":\"sts:AssumeRole\"}]}",
            "create_date": "2020-01-29T07:08:53Z",
            "description": "",
            "force_detach_policies": false,
            "id": "manage_todos",
            "max_session_duration": 3600,
            "name": "manage_todos",
            "name_prefix": null,
            "path": "/",
            "permissions_boundary": null,
            "tags": {
              "tag-key": "tag-value"
            },
            "unique_id": "AROA466QP5GW5JWOAB6JE"
          },
          "private": "bnVsbA=="
        }
      ]
    },
    {
      "mode": "managed",
      "type": "aws_iam_role_policy",
      "name": "db_read_write_policy",
      "provider": "provider.aws",
      "instances": [
        {
          "schema_version": 0,
          "attributes": {
            "id": "manage_todos:db_read_write_policy",
            "name": "db_read_write_policy",
            "name_prefix": null,
            "policy": "{\n  \"Version\": \"2012-10-17\",\n  \"Statement\": [\n      {\n          \"Sid\": \"VisualEditor0\",\n          \"Effect\": \"Allow\",\n          \"Action\": [\n              \"dynamodb:DeleteItem\",\n              \"dynamodb:GetItem\",\n              \"dynamodb:PutItem\",\n              \"dynamodb:Scan\",\n              \"dynamodb:UpdateItem\",\n              \"dynamodb:CreateTable\",\n              \"dynamodb:UpdateTable\"\n          ],\n          \"Resource\": \"arn:aws:dynamodb:us-east-2:891106093485:table/ToDos\"\n      },\n      {\n          \"Sid\": \"VisualEditor1\",\n          \"Effect\": \"Allow\",\n          \"Action\": [\n              \"dynamodb:DescribeReservedCapacityOfferings\",\n              \"dynamodb:DescribeReservedCapacity\",\n              \"dynamodb:PurchaseReservedCapacityOfferings\",\n              \"dynamodb:DescribeLimits\",\n              \"dynamodb:ListStreams\"\n          ],\n          \"Resource\": \"*\"\n      }\n  ]\n}\n",
            "role": "manage_todos"
          },
          "private": "bnVsbA==",
          "depends_on": [
            "aws_dynamodb_table.basic-dynamodb-table",
            "aws_iam_role.manage_todos"
          ]
        }
      ]
    },
    {
      "mode": "managed",
      "type": "aws_iam_role_policy_attachment",
      "name": "attach_db_policy",
      "provider": "provider.aws",
      "instances": [
        {
          "schema_version": 0,
          "attributes": {
            "id": "manage_todos-20200129070906939600000001",
            "policy_arn": "arn:aws:iam::aws:policy/service-role/AWSLambdaBasicExecutionRole",
            "role": "manage_todos"
          },
          "private": "bnVsbA==",
          "depends_on": [
            "aws_iam_role.manage_todos"
          ]
        }
      ]
    },
    {
      "mode": "managed",
      "type": "aws_lambda_function",
      "name": "delete_lambda",
      "provider": "provider.aws",
      "instances": [
        {
          "schema_version": 0,
          "attributes": {
            "arn": "arn:aws:lambda:us-east-2:891106093485:function:delete_lambda",
            "dead_letter_config": [],
            "description": "",
            "environment": [],
            "filename": "delete.zip",
            "function_name": "delete_lambda",
            "handler": "main",
            "id": "delete_lambda",
            "invoke_arn": "arn:aws:apigateway:us-east-2:lambda:path/2015-03-31/functions/arn:aws:lambda:us-east-2:891106093485:function:delete_lambda/invocations",
            "kms_key_arn": "",
            "last_modified": "2020-01-29T07:28:28.289+0000",
            "layers": [],
            "memory_size": 128,
            "publish": false,
            "qualified_arn": "arn:aws:lambda:us-east-2:891106093485:function:delete_lambda:$LATEST",
            "reserved_concurrent_executions": -1,
            "role": "arn:aws:iam::891106093485:role/manage_todos",
            "runtime": "go1.x",
            "s3_bucket": null,
            "s3_key": null,
            "s3_object_version": null,
            "source_code_hash": "wBF+gCZJ87kmA/7JW8WPGSbl96Einnjc0TYrldwo4ok=",
            "source_code_size": 7012525,
            "tags": {},
            "timeout": 3,
            "timeouts": null,
            "tracing_config": [
              {
                "mode": "PassThrough"
              }
            ],
            "version": "$LATEST",
            "vpc_config": []
          },
          "private": "eyJlMmJmYjczMC1lY2FhLTExZTYtOGY4OC0zNDM2M2JjN2M0YzAiOnsiY3JlYXRlIjo2MDAwMDAwMDAwMDB9fQ==",
          "depends_on": [
            "aws_iam_role.manage_todos"
          ]
        }
      ]
    },
    {
      "mode": "managed",
      "type": "aws_lambda_function",
      "name": "get_lambda",
      "provider": "provider.aws",
      "instances": [
        {
          "schema_version": 0,
          "attributes": {
            "arn": "arn:aws:lambda:us-east-2:891106093485:function:get_lambda",
            "dead_letter_config": [],
            "description": "",
            "environment": [],
            "filename": "get.zip",
            "function_name": "get_lambda",
            "handler": "main",
            "id": "get_lambda",
            "invoke_arn": "arn:aws:apigateway:us-east-2:lambda:path/2015-03-31/functions/arn:aws:lambda:us-east-2:891106093485:function:get_lambda/invocations",
            "kms_key_arn": "",
            "last_modified": "2020-01-29T07:10:17.639+0000",
            "layers": [],
            "memory_size": 128,
            "publish": false,
            "qualified_arn": "arn:aws:lambda:us-east-2:891106093485:function:get_lambda:$LATEST",
            "reserved_concurrent_executions": -1,
            "role": "arn:aws:iam::891106093485:role/manage_todos",
            "runtime": "go1.x",
            "s3_bucket": null,
            "s3_key": null,
            "s3_object_version": null,
            "source_code_hash": "XVmlodfQkVQVv6tB6mA2hWqwiVGV1VbyKgytVHk4ZBs=",
            "source_code_size": 7073691,
            "tags": {},
            "timeout": 3,
            "timeouts": null,
            "tracing_config": [
              {
                "mode": "PassThrough"
              }
            ],
            "version": "$LATEST",
            "vpc_config": []
          },
          "private": "eyJlMmJmYjczMC1lY2FhLTExZTYtOGY4OC0zNDM2M2JjN2M0YzAiOnsiY3JlYXRlIjo2MDAwMDAwMDAwMDB9fQ==",
          "depends_on": [
            "aws_iam_role.manage_todos"
          ]
        }
      ]
    },
    {
      "mode": "managed",
      "type": "aws_lambda_function",
      "name": "post_lambda",
      "provider": "provider.aws",
      "instances": [
        {
          "schema_version": 0,
          "attributes": {
            "arn": "arn:aws:lambda:us-east-2:891106093485:function:post_lambda",
            "dead_letter_config": [],
            "description": "",
            "environment": [],
            "filename": "post.zip",
            "function_name": "post_lambda",
            "handler": "main",
            "id": "post_lambda",
            "invoke_arn": "arn:aws:apigateway:us-east-2:lambda:path/2015-03-31/functions/arn:aws:lambda:us-east-2:891106093485:function:post_lambda/invocations",
            "kms_key_arn": "",
            "last_modified": "2020-01-29T07:09:24.569+0000",
            "layers": [],
            "memory_size": 128,
            "publish": false,
            "qualified_arn": "arn:aws:lambda:us-east-2:891106093485:function:post_lambda:$LATEST",
            "reserved_concurrent_executions": -1,
            "role": "arn:aws:iam::891106093485:role/manage_todos",
            "runtime": "go1.x",
            "s3_bucket": null,
            "s3_key": null,
            "s3_object_version": null,
            "source_code_hash": "0vqZQuuwLxKsj57uPXYN7B6JFg47uoF38asKcd3R3Rw=",
            "source_code_size": 7060966,
            "tags": {},
            "timeout": 3,
            "timeouts": null,
            "tracing_config": [
              {
                "mode": "PassThrough"
              }
            ],
            "version": "$LATEST",
            "vpc_config": []
          },
          "private": "eyJlMmJmYjczMC1lY2FhLTExZTYtOGY4OC0zNDM2M2JjN2M0YzAiOnsiY3JlYXRlIjo2MDAwMDAwMDAwMDB9fQ==",
          "depends_on": [
            "aws_iam_role.manage_todos"
          ]
        }
      ]
    },
    {
      "mode": "managed",
      "type": "aws_lambda_function",
      "name": "put_lambda",
      "provider": "provider.aws",
      "instances": [
        {
          "schema_version": 0,
          "attributes": {
            "arn": "arn:aws:lambda:us-east-2:891106093485:function:put_lambda",
            "dead_letter_config": [],
            "description": "",
            "environment": [],
            "filename": "put.zip",
            "function_name": "put_lambda",
            "handler": "main",
            "id": "put_lambda",
            "invoke_arn": "arn:aws:apigateway:us-east-2:lambda:path/2015-03-31/functions/arn:aws:lambda:us-east-2:891106093485:function:put_lambda/invocations",
            "kms_key_arn": "",
            "last_modified": "2020-01-29T07:22:55.373+0000",
            "layers": [],
            "memory_size": 128,
            "publish": false,
            "qualified_arn": "arn:aws:lambda:us-east-2:891106093485:function:put_lambda:$LATEST",
            "reserved_concurrent_executions": -1,
            "role": "arn:aws:iam::891106093485:role/manage_todos",
            "runtime": "go1.x",
            "s3_bucket": null,
            "s3_key": null,
            "s3_object_version": null,
            "source_code_hash": "v/ArfLVGFVj6u8pH5QjmkLGBZ6xR7hp+xE/YETVJcWY=",
            "source_code_size": 7013098,
            "tags": {},
            "timeout": 3,
            "timeouts": null,
            "tracing_config": [
              {
                "mode": "PassThrough"
              }
            ],
            "version": "$LATEST",
            "vpc_config": []
          },
          "private": "eyJlMmJmYjczMC1lY2FhLTExZTYtOGY4OC0zNDM2M2JjN2M0YzAiOnsiY3JlYXRlIjo2MDAwMDAwMDAwMDB9fQ==",
          "depends_on": [
            "aws_iam_role.manage_todos"
          ]
        }
      ]
    },
    {
      "mode": "managed",
      "type": "aws_lambda_permission",
      "name": "delete_apigw_lambda",
      "provider": "provider.aws",
      "instances": [
        {
          "schema_version": 0,
          "attributes": {
            "action": "lambda:InvokeFunction",
            "event_source_token": null,
            "function_name": "delete_lambda",
            "id": "AllowExecutionFromAPIGateway",
            "principal": "apigateway.amazonaws.com",
            "qualifier": "",
            "source_account": null,
            "source_arn": "arn:aws:execute-api:us-east-2:891106093485:5wwx0i1qcd/*/*",
            "statement_id": "AllowExecutionFromAPIGateway",
            "statement_id_prefix": null
          },
          "private": "bnVsbA==",
          "depends_on": [
            "aws_api_gateway_rest_api.ToDosAPI",
            "aws_lambda_function.delete_lambda"
          ]
        }
      ]
    },
    {
      "mode": "managed",
      "type": "aws_lambda_permission",
      "name": "get_apigw_lambda",
      "provider": "provider.aws",
      "instances": [
        {
          "schema_version": 0,
          "attributes": {
            "action": "lambda:InvokeFunction",
            "event_source_token": null,
            "function_name": "get_lambda",
            "id": "AllowExecutionFromAPIGateway",
            "principal": "apigateway.amazonaws.com",
            "qualifier": "",
            "source_account": null,
            "source_arn": "arn:aws:execute-api:us-east-2:891106093485:5wwx0i1qcd/*/*",
            "statement_id": "AllowExecutionFromAPIGateway",
            "statement_id_prefix": null
          },
          "private": "bnVsbA==",
          "depends_on": [
            "aws_api_gateway_rest_api.ToDosAPI",
            "aws_lambda_function.get_lambda"
          ]
        }
      ]
    },
    {
      "mode": "managed",
      "type": "aws_lambda_permission",
      "name": "post_apigw_lambda",
      "provider": "provider.aws",
      "instances": [
        {
          "schema_version": 0,
          "attributes": {
            "action": "lambda:InvokeFunction",
            "event_source_token": null,
            "function_name": "post_lambda",
            "id": "AllowExecutionFromAPIGateway",
            "principal": "apigateway.amazonaws.com",
            "qualifier": "",
            "source_account": null,
            "source_arn": "arn:aws:execute-api:us-east-2:891106093485:5wwx0i1qcd/*/*",
            "statement_id": "AllowExecutionFromAPIGateway",
            "statement_id_prefix": null
          },
          "private": "bnVsbA==",
          "depends_on": [
            "aws_api_gateway_rest_api.ToDosAPI",
            "aws_lambda_function.post_lambda"
          ]
        }
      ]
    },
    {
      "mode": "managed",
      "type": "aws_lambda_permission",
      "name": "put_apigw_lambda",
      "provider": "provider.aws",
      "instances": [
        {
          "schema_version": 0,
          "attributes": {
            "action": "lambda:InvokeFunction",
            "event_source_token": null,
            "function_name": "put_lambda",
            "id": "AllowExecutionFromAPIGateway",
            "principal": "apigateway.amazonaws.com",
            "qualifier": "",
            "source_account": null,
            "source_arn": "arn:aws:execute-api:us-east-2:891106093485:5wwx0i1qcd/*/*",
            "statement_id": "AllowExecutionFromAPIGateway",
            "statement_id_prefix": null
          },
          "private": "bnVsbA==",
          "depends_on": [
            "aws_api_gateway_rest_api.ToDosAPI",
            "aws_lambda_function.put_lambda"
          ]
        }
      ]
    },
    {
      "mode": "managed",
      "type": "aws_s3_bucket",
      "name": "todos-bucket528491",
      "provider": "provider.aws",
      "instances": [
        {
          "schema_version": 0,
          "attributes": {
            "acceleration_status": "",
            "acl": "public-read",
            "arn": "arn:aws:s3:::todos-bucket528491",
            "bucket": "todos-bucket528491",
            "bucket_domain_name": "todos-bucket528491.s3.amazonaws.com",
            "bucket_prefix": null,
            "bucket_regional_domain_name": "todos-bucket528491.s3.us-east-2.amazonaws.com",
            "cors_rule": [],
            "force_destroy": false,
            "hosted_zone_id": "Z2O1EMRO9K5GLX",
            "id": "todos-bucket528491",
            "lifecycle_rule": [],
            "logging": [],
            "object_lock_configuration": [],
            "policy": "{\"Statement\":[{\"Action\":\"s3:GetObject\",\"Effect\":\"Allow\",\"Principal\":\"*\",\"Resource\":\"arn:aws:s3:::todos-bucket528491/*\",\"Sid\":\"AllowPublicReadAccess\"}],\"Version\":\"2012-10-17\"}",
            "region": "us-east-2",
            "replication_configuration": [],
            "request_payer": "BucketOwner",
            "server_side_encryption_configuration": [],
            "tags": {},
            "versioning": [
              {
                "enabled": false,
                "mfa_delete": false
              }
            ],
            "website": [
              {
                "error_document": "error.html",
                "index_document": "index.html",
                "redirect_all_requests_to": "",
                "routing_rules": ""
              }
            ],
            "website_domain": "s3-website.us-east-2.amazonaws.com",
            "website_endpoint": "todos-bucket528491.s3-website.us-east-2.amazonaws.com"
          },
          "private": "bnVsbA=="
        }
      ]
    }
  ]
}
